// !$*UTF8*$!
{
	archiveVersion = 1;
	classes = {
	};
	objectVersion = 50;
	objects = {

/* Begin PBXBuildFile section */
		98C5611121D4490B00CF8FA3 /* calibrateView.swift in Sources */ = {isa = PBXBuildFile; fileRef = 98C5611021D4490B00CF8FA3 /* calibrateView.swift */; };
		98C5611321D449C900CF8FA3 /* bubble.swift in Sources */ = {isa = PBXBuildFile; fileRef = 98C5611221D449C900CF8FA3 /* bubble.swift */; };
		98C5611821D4617800CF8FA3 /* Gill-Sans-MT.ttf in Resources */ = {isa = PBXBuildFile; fileRef = 98C5611721D4617800CF8FA3 /* Gill-Sans-MT.ttf */; };
		B40F596421ADEC5700480637 /* AppDelegate.swift in Sources */ = {isa = PBXBuildFile; fileRef = B40F596321ADEC5700480637 /* AppDelegate.swift */; };
		B40F596821ADEC5700480637 /* ViewController.swift in Sources */ = {isa = PBXBuildFile; fileRef = B40F596721ADEC5700480637 /* ViewController.swift */; };
		B40F596D21ADEC5A00480637 /* Assets.xcassets in Resources */ = {isa = PBXBuildFile; fileRef = B40F596C21ADEC5A00480637 /* Assets.xcassets */; };
		B40F597021ADEC5A00480637 /* LaunchScreen.storyboard in Resources */ = {isa = PBXBuildFile; fileRef = B40F596E21ADEC5A00480637 /* LaunchScreen.storyboard */; };
		B430BD8E21CB127700E6F495 /* FinalRolloutMenuViewController.swift in Sources */ = {isa = PBXBuildFile; fileRef = B430BD8D21CB127700E6F495 /* FinalRolloutMenuViewController.swift */; };
		B44FC59A21C45DBA000A2CD6 /* MenuButton.swift in Sources */ = {isa = PBXBuildFile; fileRef = B44FC59921C45DBA000A2CD6 /* MenuButton.swift */; };
		B44FC59C21C615E1000A2CD6 /* mode.swift in Sources */ = {isa = PBXBuildFile; fileRef = B44FC59B21C615E1000A2CD6 /* mode.swift */; };
		B44FC59E21C61907000A2CD6 /* tourMode.swift in Sources */ = {isa = PBXBuildFile; fileRef = B44FC59D21C61907000A2CD6 /* tourMode.swift */; };
		B44FC5A121C6E4C9000A2CD6 /* gameMode.swift in Sources */ = {isa = PBXBuildFile; fileRef = B44FC5A021C6E4C9000A2CD6 /* gameMode.swift */; };
		B472411A21E3FC80007DB29B /* art.scnassets in Resources */ = {isa = PBXBuildFile; fileRef = B472411921E3FC80007DB29B /* art.scnassets */; };
		B472411C21E3FFFC007DB29B /* CloudKit.framework in Frameworks */ = {isa = PBXBuildFile; fileRef = B472411B21E3FFFC007DB29B /* CloudKit.framework */; };
		B472411F21E6A78D007DB29B /* Main.storyboard in Resources */ = {isa = PBXBuildFile; fileRef = B472411D21E6A78D007DB29B /* Main.storyboard */; };
		B472412121E7EFB3007DB29B /* LargeMessageViewController.swift in Sources */ = {isa = PBXBuildFile; fileRef = B472412021E7EFB3007DB29B /* LargeMessageViewController.swift */; };
		B472412621E7F1A0007DB29B /* AlertMessageProtocol.swift in Sources */ = {isa = PBXBuildFile; fileRef = B472412521E7F1A0007DB29B /* AlertMessageProtocol.swift */; };
		B472412821E82FC5007DB29B /* SmallMessageViewController.swift in Sources */ = {isa = PBXBuildFile; fileRef = B472412721E82FC5007DB29B /* SmallMessageViewController.swift */; };
		B483627B21CD9550006B8697 /* MenuViewController.swift in Sources */ = {isa = PBXBuildFile; fileRef = B483627A21CD9550006B8697 /* MenuViewController.swift */; };
		B483627D21CD9997006B8697 /* InitialRolloutMenuViewControler.swift in Sources */ = {isa = PBXBuildFile; fileRef = B483627C21CD9997006B8697 /* InitialRolloutMenuViewControler.swift */; };
/* End PBXBuildFile section */

/* Begin PBXFileReference section */
		98C5611021D4490B00CF8FA3 /* calibrateView.swift */ = {isa = PBXFileReference; lastKnownFileType = sourcecode.swift; path = calibrateView.swift; sourceTree = "<group>"; };
		98C5611221D449C900CF8FA3 /* bubble.swift */ = {isa = PBXFileReference; lastKnownFileType = sourcecode.swift; path = bubble.swift; sourceTree = "<group>"; };
		98C5611721D4617800CF8FA3 /* Gill-Sans-MT.ttf */ = {isa = PBXFileReference; lastKnownFileType = file; path = "Gill-Sans-MT.ttf"; sourceTree = "<group>"; };
		B40F596021ADEC5700480637 /* THONAR.app */ = {isa = PBXFileReference; explicitFileType = wrapper.application; includeInIndex = 0; path = THONAR.app; sourceTree = BUILT_PRODUCTS_DIR; };
		B40F596321ADEC5700480637 /* AppDelegate.swift */ = {isa = PBXFileReference; lastKnownFileType = sourcecode.swift; path = AppDelegate.swift; sourceTree = "<group>"; };
		B40F596721ADEC5700480637 /* ViewController.swift */ = {isa = PBXFileReference; lastKnownFileType = sourcecode.swift; path = ViewController.swift; sourceTree = "<group>"; };
		B40F596C21ADEC5A00480637 /* Assets.xcassets */ = {isa = PBXFileReference; lastKnownFileType = folder.assetcatalog; path = Assets.xcassets; sourceTree = "<group>"; };
		B40F596F21ADEC5A00480637 /* Base */ = {isa = PBXFileReference; lastKnownFileType = file.storyboard; name = Base; path = Base.lproj/LaunchScreen.storyboard; sourceTree = "<group>"; };
		B40F597121ADEC5A00480637 /* Info.plist */ = {isa = PBXFileReference; lastKnownFileType = text.plist.xml; path = Info.plist; sourceTree = "<group>"; };
		B430BD8D21CB127700E6F495 /* FinalRolloutMenuViewController.swift */ = {isa = PBXFileReference; lastKnownFileType = sourcecode.swift; path = FinalRolloutMenuViewController.swift; sourceTree = "<group>"; };
		B43A00B121DD607900067994 /* THONAR.entitlements */ = {isa = PBXFileReference; lastKnownFileType = text.plist.entitlements; path = THONAR.entitlements; sourceTree = "<group>"; };
		B44FC59921C45DBA000A2CD6 /* MenuButton.swift */ = {isa = PBXFileReference; lastKnownFileType = sourcecode.swift; path = MenuButton.swift; sourceTree = "<group>"; };
		B44FC59B21C615E1000A2CD6 /* mode.swift */ = {isa = PBXFileReference; lastKnownFileType = sourcecode.swift; path = mode.swift; sourceTree = "<group>"; };
		B44FC59D21C61907000A2CD6 /* tourMode.swift */ = {isa = PBXFileReference; lastKnownFileType = sourcecode.swift; path = tourMode.swift; sourceTree = "<group>"; };
		B44FC5A021C6E4C9000A2CD6 /* gameMode.swift */ = {isa = PBXFileReference; lastKnownFileType = sourcecode.swift; path = gameMode.swift; sourceTree = "<group>"; };
		B472411921E3FC80007DB29B /* art.scnassets */ = {isa = PBXFileReference; lastKnownFileType = wrapper.scnassets; path = art.scnassets; sourceTree = "<group>"; };
		B472411B21E3FFFC007DB29B /* CloudKit.framework */ = {isa = PBXFileReference; lastKnownFileType = wrapper.framework; name = CloudKit.framework; path = System/Library/Frameworks/CloudKit.framework; sourceTree = SDKROOT; };
		B472411E21E6A78D007DB29B /* Base */ = {isa = PBXFileReference; lastKnownFileType = file.storyboard; name = Base; path = Base.lproj/Main.storyboard; sourceTree = "<group>"; };
		B472412021E7EFB3007DB29B /* LargeMessageViewController.swift */ = {isa = PBXFileReference; lastKnownFileType = sourcecode.swift; path = LargeMessageViewController.swift; sourceTree = "<group>"; };
		B472412521E7F1A0007DB29B /* AlertMessageProtocol.swift */ = {isa = PBXFileReference; lastKnownFileType = sourcecode.swift; path = AlertMessageProtocol.swift; sourceTree = "<group>"; };
		B472412721E82FC5007DB29B /* SmallMessageViewController.swift */ = {isa = PBXFileReference; lastKnownFileType = sourcecode.swift; path = SmallMessageViewController.swift; sourceTree = "<group>"; };
		B483627A21CD9550006B8697 /* MenuViewController.swift */ = {isa = PBXFileReference; lastKnownFileType = sourcecode.swift; path = MenuViewController.swift; sourceTree = "<group>"; };
		B483627C21CD9997006B8697 /* InitialRolloutMenuViewControler.swift */ = {isa = PBXFileReference; lastKnownFileType = sourcecode.swift; path = InitialRolloutMenuViewControler.swift; sourceTree = "<group>"; };
/* End PBXFileReference section */

/* Begin PBXFrameworksBuildPhase section */
		B40F595D21ADEC5700480637 /* Frameworks */ = {
			isa = PBXFrameworksBuildPhase;
			buildActionMask = 2147483647;
			files = (
				B472411C21E3FFFC007DB29B /* CloudKit.framework in Frameworks */,
			);
			runOnlyForDeploymentPostprocessing = 0;
		};
/* End PBXFrameworksBuildPhase section */

/* Begin PBXGroup section */
		B40F595721ADEC5700480637 = {
			isa = PBXGroup;
			children = (
				B40F596221ADEC5700480637 /* THONAR */,
				B40F596121ADEC5700480637 /* Products */,
				B43A00B221DD609C00067994 /* Frameworks */,
			);
			sourceTree = "<group>";
		};
		B40F596121ADEC5700480637 /* Products */ = {
			isa = PBXGroup;
			children = (
				B40F596021ADEC5700480637 /* THONAR.app */,
			);
			name = Products;
			sourceTree = "<group>";
		};
		B40F596221ADEC5700480637 /* THONAR */ = {
			isa = PBXGroup;
			children = (
				B43A00B121DD607900067994 /* THONAR.entitlements */,
				B40F596321ADEC5700480637 /* AppDelegate.swift */,
				B40F596721ADEC5700480637 /* ViewController.swift */,
				98C5611721D4617800CF8FA3 /* Gill-Sans-MT.ttf */,
				B472412921E82FCB007DB29B /* MessageViewControllers */,
				B483627E21CDBE1C006B8697 /* Menus */,
				B44FC59F21C61FDB000A2CD6 /* Modes */,
				B483627F21CDBE44006B8697 /* Custom UI Elements */,
				B472412421E7F175007DB29B /* Protocols */,
				B40F596C21ADEC5A00480637 /* Assets.xcassets */,
				B472411D21E6A78D007DB29B /* Main.storyboard */,
				B40F596E21ADEC5A00480637 /* LaunchScreen.storyboard */,
				B40F597121ADEC5A00480637 /* Info.plist */,
				B472411921E3FC80007DB29B /* art.scnassets */,
			);
			path = THONAR;
			sourceTree = "<group>";
		};
		B43A00A621D541AA00067994 /* Game Mode */ = {
			isa = PBXGroup;
			children = (
				B44FC5A021C6E4C9000A2CD6 /* gameMode.swift */,
				98C5611221D449C900CF8FA3 /* bubble.swift */,
				98C5611021D4490B00CF8FA3 /* calibrateView.swift */,
			);
			path = "Game Mode";
			sourceTree = "<group>";
		};
		B43A00B221DD609C00067994 /* Frameworks */ = {
			isa = PBXGroup;
			children = (
				B472411B21E3FFFC007DB29B /* CloudKit.framework */,
			);
			name = Frameworks;
			sourceTree = "<group>";
		};
		B44FC59F21C61FDB000A2CD6 /* Modes */ = {
			isa = PBXGroup;
			children = (
				B44FC59B21C615E1000A2CD6 /* mode.swift */,
				B44FC59D21C61907000A2CD6 /* tourMode.swift */,
				B43A00A621D541AA00067994 /* Game Mode */,
			);
			path = Modes;
			sourceTree = "<group>";
		};
		B472412421E7F175007DB29B /* Protocols */ = {
			isa = PBXGroup;
			children = (
				B472412521E7F1A0007DB29B /* AlertMessageProtocol.swift */,
			);
			path = Protocols;
			sourceTree = "<group>";
		};
		B472412921E82FCB007DB29B /* MessageViewControllers */ = {
			isa = PBXGroup;
			children = (
				B472412021E7EFB3007DB29B /* LargeMessageViewController.swift */,
				B472412721E82FC5007DB29B /* SmallMessageViewController.swift */,
			);
			path = MessageViewControllers;
			sourceTree = "<group>";
		};
		B483627E21CDBE1C006B8697 /* Menus */ = {
			isa = PBXGroup;
			children = (
				B483627A21CD9550006B8697 /* MenuViewController.swift */,
				B483627C21CD9997006B8697 /* InitialRolloutMenuViewControler.swift */,
				B430BD8D21CB127700E6F495 /* FinalRolloutMenuViewController.swift */,
			);
			path = Menus;
			sourceTree = "<group>";
		};
		B483627F21CDBE44006B8697 /* Custom UI Elements */ = {
			isa = PBXGroup;
			children = (
				B44FC59921C45DBA000A2CD6 /* MenuButton.swift */,
			);
			path = "Custom UI Elements";
			sourceTree = "<group>";
		};
/* End PBXGroup section */

/* Begin PBXNativeTarget section */
		B40F595F21ADEC5700480637 /* THONAR */ = {
			isa = PBXNativeTarget;
			buildConfigurationList = B40F597421ADEC5A00480637 /* Build configuration list for PBXNativeTarget "THONAR" */;
			buildPhases = (
				B40F595C21ADEC5700480637 /* Sources */,
				B40F595D21ADEC5700480637 /* Frameworks */,
				B40F595E21ADEC5700480637 /* Resources */,
			);
			buildRules = (
			);
			dependencies = (
			);
			name = THONAR;
			productName = THONAR;
			productReference = B40F596021ADEC5700480637 /* THONAR.app */;
			productType = "com.apple.product-type.application";
		};
/* End PBXNativeTarget section */

/* Begin PBXProject section */
		B40F595821ADEC5700480637 /* Project object */ = {
			isa = PBXProject;
			attributes = {
				LastSwiftUpdateCheck = 1010;
				LastUpgradeCheck = 1010;
				ORGANIZATIONNAME = THON;
				TargetAttributes = {
					B40F595F21ADEC5700480637 = {
						CreatedOnToolsVersion = 10.1;
						SystemCapabilities = {
							com.apple.BackgroundModes = {
								enabled = 1;
							};
							com.apple.Push = {
								enabled = 0;
							};
							com.apple.iCloud = {
								enabled = 1;
							};
						};
					};
				};
			};
			buildConfigurationList = B40F595B21ADEC5700480637 /* Build configuration list for PBXProject "THONAR" */;
			compatibilityVersion = "Xcode 9.3";
			developmentRegion = en;
			hasScannedForEncodings = 0;
			knownRegions = (
				en,
				Base,
			);
			mainGroup = B40F595721ADEC5700480637;
			productRefGroup = B40F596121ADEC5700480637 /* Products */;
			projectDirPath = "";
			projectRoot = "";
			targets = (
				B40F595F21ADEC5700480637 /* THONAR */,
			);
		};
/* End PBXProject section */

/* Begin PBXResourcesBuildPhase section */
		B40F595E21ADEC5700480637 /* Resources */ = {
			isa = PBXResourcesBuildPhase;
			buildActionMask = 2147483647;
			files = (
				B40F597021ADEC5A00480637 /* LaunchScreen.storyboard in Resources */,
				B472411F21E6A78D007DB29B /* Main.storyboard in Resources */,
				B40F596D21ADEC5A00480637 /* Assets.xcassets in Resources */,
				B472411A21E3FC80007DB29B /* art.scnassets in Resources */,
				98C5611821D4617800CF8FA3 /* Gill-Sans-MT.ttf in Resources */,
			);
			runOnlyForDeploymentPostprocessing = 0;
		};
/* End PBXResourcesBuildPhase section */

/* Begin PBXSourcesBuildPhase section */
		B40F595C21ADEC5700480637 /* Sources */ = {
			isa = PBXSourcesBuildPhase;
			buildActionMask = 2147483647;
			files = (
				B472412121E7EFB3007DB29B /* LargeMessageViewController.swift in Sources */,
				B44FC59A21C45DBA000A2CD6 /* MenuButton.swift in Sources */,
				B472412821E82FC5007DB29B /* SmallMessageViewController.swift in Sources */,
				B44FC59E21C61907000A2CD6 /* tourMode.swift in Sources */,
				B40F596821ADEC5700480637 /* ViewController.swift in Sources */,
				B472412621E7F1A0007DB29B /* AlertMessageProtocol.swift in Sources */,
				B44FC59C21C615E1000A2CD6 /* mode.swift in Sources */,
				98C5611121D4490B00CF8FA3 /* calibrateView.swift in Sources */,
				98C5611321D449C900CF8FA3 /* bubble.swift in Sources */,
				B44FC5A121C6E4C9000A2CD6 /* gameMode.swift in Sources */,
				B483627D21CD9997006B8697 /* InitialRolloutMenuViewControler.swift in Sources */,
				B40F596421ADEC5700480637 /* AppDelegate.swift in Sources */,
				B430BD8E21CB127700E6F495 /* FinalRolloutMenuViewController.swift in Sources */,
				B483627B21CD9550006B8697 /* MenuViewController.swift in Sources */,
			);
			runOnlyForDeploymentPostprocessing = 0;
		};
/* End PBXSourcesBuildPhase section */

/* Begin PBXVariantGroup section */
		B40F596E21ADEC5A00480637 /* LaunchScreen.storyboard */ = {
			isa = PBXVariantGroup;
			children = (
				B40F596F21ADEC5A00480637 /* Base */,
			);
			name = LaunchScreen.storyboard;
			sourceTree = "<group>";
		};
		B472411D21E6A78D007DB29B /* Main.storyboard */ = {
			isa = PBXVariantGroup;
			children = (
				B472411E21E6A78D007DB29B /* Base */,
			);
			name = Main.storyboard;
			sourceTree = "<group>";
		};
/* End PBXVariantGroup section */

/* Begin XCBuildConfiguration section */
		B40F597221ADEC5A00480637 /* Debug */ = {
			isa = XCBuildConfiguration;
			buildSettings = {
				ALWAYS_SEARCH_USER_PATHS = NO;
				CLANG_ANALYZER_NONNULL = YES;
				CLANG_ANALYZER_NUMBER_OBJECT_CONVERSION = YES_AGGRESSIVE;
				CLANG_CXX_LANGUAGE_STANDARD = "gnu++14";
				CLANG_CXX_LIBRARY = "libc++";
				CLANG_ENABLE_MODULES = YES;
				CLANG_ENABLE_OBJC_ARC = YES;
				CLANG_ENABLE_OBJC_WEAK = YES;
				CLANG_WARN_BLOCK_CAPTURE_AUTORELEASING = YES;
				CLANG_WARN_BOOL_CONVERSION = YES;
				CLANG_WARN_COMMA = YES;
				CLANG_WARN_CONSTANT_CONVERSION = YES;
				CLANG_WARN_DEPRECATED_OBJC_IMPLEMENTATIONS = YES;
				CLANG_WARN_DIRECT_OBJC_ISA_USAGE = YES_ERROR;
				CLANG_WARN_DOCUMENTATION_COMMENTS = YES;
				CLANG_WARN_EMPTY_BODY = YES;
				CLANG_WARN_ENUM_CONVERSION = YES;
				CLANG_WARN_INFINITE_RECURSION = YES;
				CLANG_WARN_INT_CONVERSION = YES;
				CLANG_WARN_NON_LITERAL_NULL_CONVERSION = YES;
				CLANG_WARN_OBJC_IMPLICIT_RETAIN_SELF = YES;
				CLANG_WARN_OBJC_LITERAL_CONVERSION = YES;
				CLANG_WARN_OBJC_ROOT_CLASS = YES_ERROR;
				CLANG_WARN_RANGE_LOOP_ANALYSIS = YES;
				CLANG_WARN_STRICT_PROTOTYPES = YES;
				CLANG_WARN_SUSPICIOUS_MOVE = YES;
				CLANG_WARN_UNGUARDED_AVAILABILITY = YES_AGGRESSIVE;
				CLANG_WARN_UNREACHABLE_CODE = YES;
				CLANG_WARN__DUPLICATE_METHOD_MATCH = YES;
				CODE_SIGN_IDENTITY = "iPhone Developer";
				COPY_PHASE_STRIP = NO;
				DEBUG_INFORMATION_FORMAT = dwarf;
				ENABLE_STRICT_OBJC_MSGSEND = YES;
				ENABLE_TESTABILITY = YES;
				GCC_C_LANGUAGE_STANDARD = gnu11;
				GCC_DYNAMIC_NO_PIC = NO;
				GCC_NO_COMMON_BLOCKS = YES;
				GCC_OPTIMIZATION_LEVEL = 0;
				GCC_PREPROCESSOR_DEFINITIONS = (
					"DEBUG=1",
					"$(inherited)",
				);
				GCC_WARN_64_TO_32_BIT_CONVERSION = YES;
				GCC_WARN_ABOUT_RETURN_TYPE = YES_ERROR;
				GCC_WARN_UNDECLARED_SELECTOR = YES;
				GCC_WARN_UNINITIALIZED_AUTOS = YES_AGGRESSIVE;
				GCC_WARN_UNUSED_FUNCTION = YES;
				GCC_WARN_UNUSED_VARIABLE = YES;
				IPHONEOS_DEPLOYMENT_TARGET = 12.1;
				MTL_ENABLE_DEBUG_INFO = INCLUDE_SOURCE;
				MTL_FAST_MATH = YES;
				ONLY_ACTIVE_ARCH = YES;
				SDKROOT = iphoneos;
				SWIFT_ACTIVE_COMPILATION_CONDITIONS = DEBUG;
				SWIFT_OPTIMIZATION_LEVEL = "-Onone";
			};
			name = Debug;
		};
		B40F597321ADEC5A00480637 /* Release */ = {
			isa = XCBuildConfiguration;
			buildSettings = {
				ALWAYS_SEARCH_USER_PATHS = NO;
				CLANG_ANALYZER_NONNULL = YES;
				CLANG_ANALYZER_NUMBER_OBJECT_CONVERSION = YES_AGGRESSIVE;
				CLANG_CXX_LANGUAGE_STANDARD = "gnu++14";
				CLANG_CXX_LIBRARY = "libc++";
				CLANG_ENABLE_MODULES = YES;
				CLANG_ENABLE_OBJC_ARC = YES;
				CLANG_ENABLE_OBJC_WEAK = YES;
				CLANG_WARN_BLOCK_CAPTURE_AUTORELEASING = YES;
				CLANG_WARN_BOOL_CONVERSION = YES;
				CLANG_WARN_COMMA = YES;
				CLANG_WARN_CONSTANT_CONVERSION = YES;
				CLANG_WARN_DEPRECATED_OBJC_IMPLEMENTATIONS = YES;
				CLANG_WARN_DIRECT_OBJC_ISA_USAGE = YES_ERROR;
				CLANG_WARN_DOCUMENTATION_COMMENTS = YES;
				CLANG_WARN_EMPTY_BODY = YES;
				CLANG_WARN_ENUM_CONVERSION = YES;
				CLANG_WARN_INFINITE_RECURSION = YES;
				CLANG_WARN_INT_CONVERSION = YES;
				CLANG_WARN_NON_LITERAL_NULL_CONVERSION = YES;
				CLANG_WARN_OBJC_IMPLICIT_RETAIN_SELF = YES;
				CLANG_WARN_OBJC_LITERAL_CONVERSION = YES;
				CLANG_WARN_OBJC_ROOT_CLASS = YES_ERROR;
				CLANG_WARN_RANGE_LOOP_ANALYSIS = YES;
				CLANG_WARN_STRICT_PROTOTYPES = YES;
				CLANG_WARN_SUSPICIOUS_MOVE = YES;
				CLANG_WARN_UNGUARDED_AVAILABILITY = YES_AGGRESSIVE;
				CLANG_WARN_UNREACHABLE_CODE = YES;
				CLANG_WARN__DUPLICATE_METHOD_MATCH = YES;
				CODE_SIGN_IDENTITY = "iPhone Developer";
				COPY_PHASE_STRIP = NO;
				DEBUG_INFORMATION_FORMAT = "dwarf-with-dsym";
				ENABLE_NS_ASSERTIONS = NO;
				ENABLE_STRICT_OBJC_MSGSEND = YES;
				GCC_C_LANGUAGE_STANDARD = gnu11;
				GCC_NO_COMMON_BLOCKS = YES;
				GCC_WARN_64_TO_32_BIT_CONVERSION = YES;
				GCC_WARN_ABOUT_RETURN_TYPE = YES_ERROR;
				GCC_WARN_UNDECLARED_SELECTOR = YES;
				GCC_WARN_UNINITIALIZED_AUTOS = YES_AGGRESSIVE;
				GCC_WARN_UNUSED_FUNCTION = YES;
				GCC_WARN_UNUSED_VARIABLE = YES;
				IPHONEOS_DEPLOYMENT_TARGET = 12.1;
				MTL_ENABLE_DEBUG_INFO = NO;
				MTL_FAST_MATH = YES;
				SDKROOT = iphoneos;
				SWIFT_COMPILATION_MODE = wholemodule;
				SWIFT_OPTIMIZATION_LEVEL = "-O";
				VALIDATE_PRODUCT = YES;
			};
			name = Release;
		};
		B40F597521ADEC5A00480637 /* Debug */ = {
			isa = XCBuildConfiguration;
			buildSettings = {
				ASSETCATALOG_COMPILER_APPICON_NAME = AppIcon;
				CODE_SIGN_ENTITLEMENTS = THONAR/THONAR.entitlements;
				CODE_SIGN_STYLE = Automatic;
				DEVELOPMENT_TEAM = 42V62P2MF9;
				INFOPLIST_FILE = THONAR/Info.plist;
				LD_RUNPATH_SEARCH_PATHS = (
					"$(inherited)",
					"@executable_path/Frameworks",
				);
				PRODUCT_BUNDLE_IDENTIFIER = "com.THON.THON-AR";
				PRODUCT_NAME = "$(TARGET_NAME)";
				SWIFT_VERSION = 4.2;
				TARGETED_DEVICE_FAMILY = "1,2";
			};
			name = Debug;
		};
		B40F597621ADEC5A00480637 /* Release */ = {
			isa = XCBuildConfiguration;
			buildSettings = {
				ASSETCATALOG_COMPILER_APPICON_NAME = AppIcon;
				CODE_SIGN_ENTITLEMENTS = THONAR/THONAR.entitlements;
				CODE_SIGN_STYLE = Automatic;
				DEVELOPMENT_TEAM = 42V62P2MF9;
				INFOPLIST_FILE = THONAR/Info.plist;
				LD_RUNPATH_SEARCH_PATHS = (
					"$(inherited)",
					"@executable_path/Frameworks",
				);
				PRODUCT_BUNDLE_IDENTIFIER = "com.THON.THON-AR";
				PRODUCT_NAME = "$(TARGET_NAME)";
				SWIFT_VERSION = 4.2;
				TARGETED_DEVICE_FAMILY = "1,2";
			};
			name = Release;
		};
/* End XCBuildConfiguration section */

/* Begin XCConfigurationList section */
		B40F595B21ADEC5700480637 /* Build configuration list for PBXProject "THONAR" */ = {
			isa = XCConfigurationList;
			buildConfigurations = (
				B40F597221ADEC5A00480637 /* Debug */,
				B40F597321ADEC5A00480637 /* Release */,
			);
			defaultConfigurationIsVisible = 0;
			defaultConfigurationName = Release;
		};
		B40F597421ADEC5A00480637 /* Build configuration list for PBXNativeTarget "THONAR" */ = {
			isa = XCConfigurationList;
			buildConfigurations = (
				B40F597521ADEC5A00480637 /* Debug */,
				B40F597621ADEC5A00480637 /* Release */,
			);
			defaultConfigurationIsVisible = 0;
			defaultConfigurationName = Release;
		};
/* End XCConfigurationList section */
	};
	rootObject = B40F595821ADEC5700480637 /* Project object */;
}
