// !$*UTF8*$!
{
	archiveVersion = 1;
	classes = {
	};
	objectVersion = 50;
	objects = {

/* Begin PBXBuildFile section */
		B40F596421ADEC5700480637 /* AppDelegate.swift in Sources */ = {isa = PBXBuildFile; fileRef = B40F596321ADEC5700480637 /* AppDelegate.swift */; };
		B40F596821ADEC5700480637 /* ViewController.swift in Sources */ = {isa = PBXBuildFile; fileRef = B40F596721ADEC5700480637 /* ViewController.swift */; };
		B40F596B21ADEC5700480637 /* Main.storyboard in Resources */ = {isa = PBXBuildFile; fileRef = B40F596921ADEC5700480637 /* Main.storyboard */; };
		B40F596D21ADEC5A00480637 /* Assets.xcassets in Resources */ = {isa = PBXBuildFile; fileRef = B40F596C21ADEC5A00480637 /* Assets.xcassets */; };
		B40F597021ADEC5A00480637 /* LaunchScreen.storyboard in Resources */ = {isa = PBXBuildFile; fileRef = B40F596E21ADEC5A00480637 /* LaunchScreen.storyboard */; };
		B4419F7E21C322C400479789 /* Football Pep Rally.mp4 in Resources */ = {isa = PBXBuildFile; fileRef = B4419F7D21C322C400479789 /* Football Pep Rally.mp4 */; };
		B4419F8021C322DD00479789 /* HumansUnitedARVideo.mov in Resources */ = {isa = PBXBuildFile; fileRef = B4419F7F21C322DD00479789 /* HumansUnitedARVideo.mov */; };
		B44FC58D21C345D5000A2CD6 /* Line Dance.mov in Resources */ = {isa = PBXBuildFile; fileRef = B44FC58C21C345D5000A2CD6 /* Line Dance.mov */; };
		B44FC59221C346F1000A2CD6 /* Line Dance Full.MP4 in Resources */ = {isa = PBXBuildFile; fileRef = B44FC59121C346F1000A2CD6 /* Line Dance Full.MP4 */; };
		B48A874621C329E6000B36BE /* art.scnassets in Resources */ = {isa = PBXBuildFile; fileRef = B48A874521C329E6000B36BE /* art.scnassets */; };
/* End PBXBuildFile section */

/* Begin PBXFileReference section */
		B40F596021ADEC5700480637 /* THONAR.app */ = {isa = PBXFileReference; explicitFileType = wrapper.application; includeInIndex = 0; path = THONAR.app; sourceTree = BUILT_PRODUCTS_DIR; };
		B40F596321ADEC5700480637 /* AppDelegate.swift */ = {isa = PBXFileReference; lastKnownFileType = sourcecode.swift; path = AppDelegate.swift; sourceTree = "<group>"; };
		B40F596721ADEC5700480637 /* ViewController.swift */ = {isa = PBXFileReference; lastKnownFileType = sourcecode.swift; path = ViewController.swift; sourceTree = "<group>"; };
		B40F596A21ADEC5700480637 /* Base */ = {isa = PBXFileReference; lastKnownFileType = file.storyboard; name = Base; path = Base.lproj/Main.storyboard; sourceTree = "<group>"; };
		B40F596C21ADEC5A00480637 /* Assets.xcassets */ = {isa = PBXFileReference; lastKnownFileType = folder.assetcatalog; path = Assets.xcassets; sourceTree = "<group>"; };
		B40F596F21ADEC5A00480637 /* Base */ = {isa = PBXFileReference; lastKnownFileType = file.storyboard; name = Base; path = Base.lproj/LaunchScreen.storyboard; sourceTree = "<group>"; };
		B40F597121ADEC5A00480637 /* Info.plist */ = {isa = PBXFileReference; lastKnownFileType = text.plist.xml; path = Info.plist; sourceTree = "<group>"; };
		B4419F7D21C322C400479789 /* Football Pep Rally.mp4 */ = {isa = PBXFileReference; lastKnownFileType = file; path = "Football Pep Rally.mp4"; sourceTree = "<group>"; };
		B4419F7F21C322DD00479789 /* HumansUnitedARVideo.mov */ = {isa = PBXFileReference; lastKnownFileType = video.quicktime; path = HumansUnitedARVideo.mov; sourceTree = "<group>"; };
		B44FC58C21C345D5000A2CD6 /* Line Dance.mov */ = {isa = PBXFileReference; lastKnownFileType = video.quicktime; name = "Line Dance.mov"; path = "../../../../../../Line Dance.mov"; sourceTree = "<group>"; };
		B44FC59121C346F1000A2CD6 /* Line Dance Full.MP4 */ = {isa = PBXFileReference; lastKnownFileType = file; name = "Line Dance Full.MP4"; path = "../../../../../../Line Dance Full.MP4"; sourceTree = "<group>"; };
		B48A874521C329E6000B36BE /* art.scnassets */ = {isa = PBXFileReference; lastKnownFileType = wrapper.scnassets; path = art.scnassets; sourceTree = "<group>"; };
/* End PBXFileReference section */

/* Begin PBXFrameworksBuildPhase section */
		B40F595D21ADEC5700480637 /* Frameworks */ = {
			isa = PBXFrameworksBuildPhase;
			buildActionMask = 2147483647;
			files = (
			);
			runOnlyForDeploymentPostprocessing = 0;
		};
/* End PBXFrameworksBuildPhase section */

/* Begin PBXGroup section */
		B40F595721ADEC5700480637 = {
			isa = PBXGroup;
			children = (
				B40F596221ADEC5700480637 /* THONAR */,
				B40F596121ADEC5700480637 /* Products */,
			);
			sourceTree = "<group>";
		};
		B40F596121ADEC5700480637 /* Products */ = {
			isa = PBXGroup;
			children = (
				B40F596021ADEC5700480637 /* THONAR.app */,
			);
			name = Products;
			sourceTree = "<group>";
		};
		B40F596221ADEC5700480637 /* THONAR */ = {
			isa = PBXGroup;
			children = (
				B40F596321ADEC5700480637 /* AppDelegate.swift */,
				B40F596721ADEC5700480637 /* ViewController.swift */,
				B40F596921ADEC5700480637 /* Main.storyboard */,
				B40F596C21ADEC5A00480637 /* Assets.xcassets */,
				B4419F7D21C322C400479789 /* Football Pep Rally.mp4 */,
				B4419F7F21C322DD00479789 /* HumansUnitedARVideo.mov */,
				B44FC58C21C345D5000A2CD6 /* Line Dance.mov */,
				B44FC59121C346F1000A2CD6 /* Line Dance Full.MP4 */,
				B40F596E21ADEC5A00480637 /* LaunchScreen.storyboard */,
				B40F597121ADEC5A00480637 /* Info.plist */,
				B48A874521C329E6000B36BE /* art.scnassets */,
			);
			path = THONAR;
			sourceTree = "<group>";
		};
/* End PBXGroup section */

/* Begin PBXNativeTarget section */
		B40F595F21ADEC5700480637 /* THONAR */ = {
			isa = PBXNativeTarget;
			buildConfigurationList = B40F597421ADEC5A00480637 /* Build configuration list for PBXNativeTarget "THONAR" */;
			buildPhases = (
				B40F595C21ADEC5700480637 /* Sources */,
				B40F595D21ADEC5700480637 /* Frameworks */,
				B40F595E21ADEC5700480637 /* Resources */,
			);
			buildRules = (
			);
			dependencies = (
			);
			name = THONAR;
			productName = THONAR;
			productReference = B40F596021ADEC5700480637 /* THONAR.app */;
			productType = "com.apple.product-type.application";
		};
/* End PBXNativeTarget section */

/* Begin PBXProject section */
		B40F595821ADEC5700480637 /* Project object */ = {
			isa = PBXProject;
			attributes = {
				LastSwiftUpdateCheck = 1010;
				LastUpgradeCheck = 1010;
				ORGANIZATIONNAME = THON;
				TargetAttributes = {
					B40F595F21ADEC5700480637 = {
						CreatedOnToolsVersion = 10.1;
					};
				};
			};
			buildConfigurationList = B40F595B21ADEC5700480637 /* Build configuration list for PBXProject "THONAR" */;
			compatibilityVersion = "Xcode 9.3";
			developmentRegion = en;
			hasScannedForEncodings = 0;
			knownRegions = (
				en,
				Base,
			);
			mainGroup = B40F595721ADEC5700480637;
			productRefGroup = B40F596121ADEC5700480637 /* Products */;
			projectDirPath = "";
			projectRoot = "";
			targets = (
				B40F595F21ADEC5700480637 /* THONAR */,
			);
		};
/* End PBXProject section */

/* Begin PBXResourcesBuildPhase section */
		B40F595E21ADEC5700480637 /* Resources */ = {
			isa = PBXResourcesBuildPhase;
			buildActionMask = 2147483647;
			files = (
				B44FC59221C346F1000A2CD6 /* Line Dance Full.MP4 in Resources */,
				B48A874621C329E6000B36BE /* art.scnassets in Resources */,
				B44FC58D21C345D5000A2CD6 /* Line Dance.mov in Resources */,
				B4419F7E21C322C400479789 /* Football Pep Rally.mp4 in Resources */,
				B40F597021ADEC5A00480637 /* LaunchScreen.storyboard in Resources */,
				B40F596D21ADEC5A00480637 /* Assets.xcassets in Resources */,
				B4419F8021C322DD00479789 /* HumansUnitedARVideo.mov in Resources */,
				B40F596B21ADEC5700480637 /* Main.storyboard in Resources */,
			);
			runOnlyForDeploymentPostprocessing = 0;
		};
/* End PBXResourcesBuildPhase section */

/* Begin PBXSourcesBuildPhase section */
		B40F595C21ADEC5700480637 /* Sources */ = {
			isa = PBXSourcesBuildPhase;
			buildActionMask = 2147483647;
			files = (
				B40F596821ADEC5700480637 /* ViewController.swift in Sources */,
				B40F596421ADEC5700480637 /* AppDelegate.swift in Sources */,
			);
			runOnlyForDeploymentPostprocessing = 0;
		};
/* End PBXSourcesBuildPhase section */

/* Begin PBXVariantGroup section */
		B40F596921ADEC5700480637 /* Main.storyboard */ = {
			isa = PBXVariantGroup;
			children = (
				B40F596A21ADEC5700480637 /* Base */,
			);
			name = Main.storyboard;
			sourceTree = "<group>";
		};
		B40F596E21ADEC5A00480637 /* LaunchScreen.storyboard */ = {
			isa = PBXVariantGroup;
			children = (
				B40F596F21ADEC5A00480637 /* Base */,
			);
			name = LaunchScreen.storyboard;
			sourceTree = "<group>";
		};
/* End PBXVariantGroup section */

/* Begin XCBuildConfiguration section */
		B40F597221ADEC5A00480637 /* Debug */ = {
			isa = XCBuildConfiguration;
			buildSettings = {
				ALWAYS_SEARCH_USER_PATHS = NO;
				CLANG_ANALYZER_NONNULL = YES;
				CLANG_ANALYZER_NUMBER_OBJECT_CONVERSION = YES_AGGRESSIVE;
				CLANG_CXX_LANGUAGE_STANDARD = "gnu++14";
				CLANG_CXX_LIBRARY = "libc++";
				CLANG_ENABLE_MODULES = YES;
				CLANG_ENABLE_OBJC_ARC = YES;
				CLANG_ENABLE_OBJC_WEAK = YES;
				CLANG_WARN_BLOCK_CAPTURE_AUTORELEASING = YES;
				CLANG_WARN_BOOL_CONVERSION = YES;
				CLANG_WARN_COMMA = YES;
				CLANG_WARN_CONSTANT_CONVERSION = YES;
				CLANG_WARN_DEPRECATED_OBJC_IMPLEMENTATIONS = YES;
				CLANG_WARN_DIRECT_OBJC_ISA_USAGE = YES_ERROR;
				CLANG_WARN_DOCUMENTATION_COMMENTS = YES;
				CLANG_WARN_EMPTY_BODY = YES;
				CLANG_WARN_ENUM_CONVERSION = YES;
				CLANG_WARN_INFINITE_RECURSION = YES;
				CLANG_WARN_INT_CONVERSION = YES;
				CLANG_WARN_NON_LITERAL_NULL_CONVERSION = YES;
				CLANG_WARN_OBJC_IMPLICIT_RETAIN_SELF = YES;
				CLANG_WARN_OBJC_LITERAL_CONVERSION = YES;
				CLANG_WARN_OBJC_ROOT_CLASS = YES_ERROR;
				CLANG_WARN_RANGE_LOOP_ANALYSIS = YES;
				CLANG_WARN_STRICT_PROTOTYPES = YES;
				CLANG_WARN_SUSPICIOUS_MOVE = YES;
				CLANG_WARN_UNGUARDED_AVAILABILITY = YES_AGGRESSIVE;
				CLANG_WARN_UNREACHABLE_CODE = YES;
				CLANG_WARN__DUPLICATE_METHOD_MATCH = YES;
				CODE_SIGN_IDENTITY = "iPhone Developer";
				COPY_PHASE_STRIP = NO;
				DEBUG_INFORMATION_FORMAT = dwarf;
				ENABLE_STRICT_OBJC_MSGSEND = YES;
				ENABLE_TESTABILITY = YES;
				GCC_C_LANGUAGE_STANDARD = gnu11;
				GCC_DYNAMIC_NO_PIC = NO;
				GCC_NO_COMMON_BLOCKS = YES;
				GCC_OPTIMIZATION_LEVEL = 0;
				GCC_PREPROCESSOR_DEFINITIONS = (
					"DEBUG=1",
					"$(inherited)",
				);
				GCC_WARN_64_TO_32_BIT_CONVERSION = YES;
				GCC_WARN_ABOUT_RETURN_TYPE = YES_ERROR;
				GCC_WARN_UNDECLARED_SELECTOR = YES;
				GCC_WARN_UNINITIALIZED_AUTOS = YES_AGGRESSIVE;
				GCC_WARN_UNUSED_FUNCTION = YES;
				GCC_WARN_UNUSED_VARIABLE = YES;
				IPHONEOS_DEPLOYMENT_TARGET = 12.1;
				MTL_ENABLE_DEBUG_INFO = INCLUDE_SOURCE;
				MTL_FAST_MATH = YES;
				ONLY_ACTIVE_ARCH = YES;
				SDKROOT = iphoneos;
				SWIFT_ACTIVE_COMPILATION_CONDITIONS = DEBUG;
				SWIFT_OPTIMIZATION_LEVEL = "-Onone";
			};
			name = Debug;
		};
		B40F597321ADEC5A00480637 /* Release */ = {
			isa = XCBuildConfiguration;
			buildSettings = {
				ALWAYS_SEARCH_USER_PATHS = NO;
				CLANG_ANALYZER_NONNULL = YES;
				CLANG_ANALYZER_NUMBER_OBJECT_CONVERSION = YES_AGGRESSIVE;
				CLANG_CXX_LANGUAGE_STANDARD = "gnu++14";
				CLANG_CXX_LIBRARY = "libc++";
				CLANG_ENABLE_MODULES = YES;
				CLANG_ENABLE_OBJC_ARC = YES;
				CLANG_ENABLE_OBJC_WEAK = YES;
				CLANG_WARN_BLOCK_CAPTURE_AUTORELEASING = YES;
				CLANG_WARN_BOOL_CONVERSION = YES;
				CLANG_WARN_COMMA = YES;
				CLANG_WARN_CONSTANT_CONVERSION = YES;
				CLANG_WARN_DEPRECATED_OBJC_IMPLEMENTATIONS = YES;
				CLANG_WARN_DIRECT_OBJC_ISA_USAGE = YES_ERROR;
				CLANG_WARN_DOCUMENTATION_COMMENTS = YES;
				CLANG_WARN_EMPTY_BODY = YES;
				CLANG_WARN_ENUM_CONVERSION = YES;
				CLANG_WARN_INFINITE_RECURSION = YES;
				CLANG_WARN_INT_CONVERSION = YES;
				CLANG_WARN_NON_LITERAL_NULL_CONVERSION = YES;
				CLANG_WARN_OBJC_IMPLICIT_RETAIN_SELF = YES;
				CLANG_WARN_OBJC_LITERAL_CONVERSION = YES;
				CLANG_WARN_OBJC_ROOT_CLASS = YES_ERROR;
				CLANG_WARN_RANGE_LOOP_ANALYSIS = YES;
				CLANG_WARN_STRICT_PROTOTYPES = YES;
				CLANG_WARN_SUSPICIOUS_MOVE = YES;
				CLANG_WARN_UNGUARDED_AVAILABILITY = YES_AGGRESSIVE;
				CLANG_WARN_UNREACHABLE_CODE = YES;
				CLANG_WARN__DUPLICATE_METHOD_MATCH = YES;
				CODE_SIGN_IDENTITY = "iPhone Developer";
				COPY_PHASE_STRIP = NO;
				DEBUG_INFORMATION_FORMAT = "dwarf-with-dsym";
				ENABLE_NS_ASSERTIONS = NO;
				ENABLE_STRICT_OBJC_MSGSEND = YES;
				GCC_C_LANGUAGE_STANDARD = gnu11;
				GCC_NO_COMMON_BLOCKS = YES;
				GCC_WARN_64_TO_32_BIT_CONVERSION = YES;
				GCC_WARN_ABOUT_RETURN_TYPE = YES_ERROR;
				GCC_WARN_UNDECLARED_SELECTOR = YES;
				GCC_WARN_UNINITIALIZED_AUTOS = YES_AGGRESSIVE;
				GCC_WARN_UNUSED_FUNCTION = YES;
				GCC_WARN_UNUSED_VARIABLE = YES;
				IPHONEOS_DEPLOYMENT_TARGET = 12.1;
				MTL_ENABLE_DEBUG_INFO = NO;
				MTL_FAST_MATH = YES;
				SDKROOT = iphoneos;
				SWIFT_COMPILATION_MODE = wholemodule;
				SWIFT_OPTIMIZATION_LEVEL = "-O";
				VALIDATE_PRODUCT = YES;
			};
			name = Release;
		};
		B40F597521ADEC5A00480637 /* Debug */ = {
			isa = XCBuildConfiguration;
			buildSettings = {
				ASSETCATALOG_COMPILER_APPICON_NAME = AppIcon;
				CODE_SIGN_STYLE = Automatic;
				DEVELOPMENT_TEAM = LMC98SH8A3;
				INFOPLIST_FILE = THONAR/Info.plist;
				LD_RUNPATH_SEARCH_PATHS = (
					"$(inherited)",
					"@executable_path/Frameworks",
				);
				PRODUCT_BUNDLE_IDENTIFIER = com.THON.THONAR;
				PRODUCT_NAME = "$(TARGET_NAME)";
				SWIFT_VERSION = 4.2;
				TARGETED_DEVICE_FAMILY = "1,2";
			};
			name = Debug;
		};
		B40F597621ADEC5A00480637 /* Release */ = {
			isa = XCBuildConfiguration;
			buildSettings = {
				ASSETCATALOG_COMPILER_APPICON_NAME = AppIcon;
				CODE_SIGN_STYLE = Automatic;
				DEVELOPMENT_TEAM = LMC98SH8A3;
				INFOPLIST_FILE = THONAR/Info.plist;
				LD_RUNPATH_SEARCH_PATHS = (
					"$(inherited)",
					"@executable_path/Frameworks",
				);
				PRODUCT_BUNDLE_IDENTIFIER = com.THON.THONAR;
				PRODUCT_NAME = "$(TARGET_NAME)";
				SWIFT_VERSION = 4.2;
				TARGETED_DEVICE_FAMILY = "1,2";
			};
			name = Release;
		};
/* End XCBuildConfiguration section */

/* Begin XCConfigurationList section */
		B40F595B21ADEC5700480637 /* Build configuration list for PBXProject "THONAR" */ = {
			isa = XCConfigurationList;
			buildConfigurations = (
				B40F597221ADEC5A00480637 /* Debug */,
				B40F597321ADEC5A00480637 /* Release */,
			);
			defaultConfigurationIsVisible = 0;
			defaultConfigurationName = Release;
		};
		B40F597421ADEC5A00480637 /* Build configuration list for PBXNativeTarget "THONAR" */ = {
			isa = XCConfigurationList;
			buildConfigurations = (
				B40F597521ADEC5A00480637 /* Debug */,
				B40F597621ADEC5A00480637 /* Release */,
			);
			defaultConfigurationIsVisible = 0;
			defaultConfigurationName = Release;
		};
/* End XCConfigurationList section */
	};
	rootObject = B40F595821ADEC5700480637 /* Project object */;
}
